
Microsoft Visual Studio Solution File, Format Version 12.00
# Visual Studio Version 16
VisualStudioVersion = 16.0.31624.102
MinimumVisualStudioVersion = 10.0.40219.1
Project("{FAE04EC0-301F-11D3-BF4B-00C04F79EFBC}") = "CSKodOvningarB", "CSKodOvningarB\CSKodOvningarB.csproj", "{703C6ED1-149F-4889-9D96-8759860175B0}"
EndProject
Global
	GlobalSection(SolutionConfigurationPlatforms) = preSolution
		Debug|Any CPU = Debug|Any CPU
		Release|Any CPU = Release|Any CPU
	EndGlobalSection
	GlobalSection(ProjectConfigurationPlatforms) = postSolution
		{703C6ED1-149F-4889-9D96-8759860175B0}.Debug|Any CPU.ActiveCfg = Debug|Any CPU
		{703C6ED1-149F-4889-9D96-8759860175B0}.Debug|Any CPU.Build.0 = Debug|Any CPU
		{703C6ED1-149F-4889-9D96-8759860175B0}.Release|Any CPU.ActiveCfg = Release|Any CPU
		{703C6ED1-149F-4889-9D96-8759860175B0}.Release|Any CPU.Build.0 = Release|Any CPU
	EndGlobalSection
	GlobalSection(SolutionProperties) = preSolution
		HideSolutionNode = FALSE
	EndGlobalSection
	GlobalSection(ExtensibilityGlobals) = postSolution
		SolutionGuid = {A1AC3848-E95C-4449-8EF6-93C55196590C}
	EndGlobalSection
EndGlobal
