
Microsoft Visual Studio Solution File, Format Version 12.00
# Visual Studio Version 16
VisualStudioVersion = 16.0.31624.102
MinimumVisualStudioVersion = 10.0.40219.1
Project("{9A19103F-16F7-4668-BE54-9A1E7A4F7556}") = "U210906X1", "U210906X1\U210906X1.csproj", "{53D3FC8C-EA21-48DE-9D6E-933AE7D8E2DA}"
EndProject
Project("{9A19103F-16F7-4668-BE54-9A1E7A4F7556}") = "U210906X2", "U210906X2\U210906X2.csproj", "{38FE3016-1CB1-4265-A72B-18FA1AEB53EB}"
EndProject
Project("{9A19103F-16F7-4668-BE54-9A1E7A4F7556}") = "U210906X3", "U210906X3\U210906X3.csproj", "{7273279F-F3F5-4309-B873-BE5983079500}"
EndProject
Project("{9A19103F-16F7-4668-BE54-9A1E7A4F7556}") = "U210906X4", "U210906X4\U210906X4.csproj", "{1E17077A-E1F1-47C4-8DE9-5E38AF95BFC4}"
EndProject
Project("{9A19103F-16F7-4668-BE54-9A1E7A4F7556}") = "U210906X5", "U210906X5\U210906X5.csproj", "{B7F33E72-A31B-4EA9-B5AE-69D5024CE1A9}"
EndProject
Project("{FAE04EC0-301F-11D3-BF4B-00C04F79EFBC}") = "U210906X6", "U210906X6\U210906X6.csproj", "{48000D25-D285-4DE7-9267-4317922D5CF6}"
EndProject
Project("{FAE04EC0-301F-11D3-BF4B-00C04F79EFBC}") = "U210906X7", "U210906X7\U210906X7.csproj", "{A239EA58-6BEE-4E79-98ED-D0E04F9551FE}"
EndProject
Global
	GlobalSection(SolutionConfigurationPlatforms) = preSolution
		Debug|Any CPU = Debug|Any CPU
		Release|Any CPU = Release|Any CPU
	EndGlobalSection
	GlobalSection(ProjectConfigurationPlatforms) = postSolution
		{53D3FC8C-EA21-48DE-9D6E-933AE7D8E2DA}.Debug|Any CPU.ActiveCfg = Debug|Any CPU
		{53D3FC8C-EA21-48DE-9D6E-933AE7D8E2DA}.Debug|Any CPU.Build.0 = Debug|Any CPU
		{53D3FC8C-EA21-48DE-9D6E-933AE7D8E2DA}.Release|Any CPU.ActiveCfg = Release|Any CPU
		{53D3FC8C-EA21-48DE-9D6E-933AE7D8E2DA}.Release|Any CPU.Build.0 = Release|Any CPU
		{38FE3016-1CB1-4265-A72B-18FA1AEB53EB}.Debug|Any CPU.ActiveCfg = Debug|Any CPU
		{38FE3016-1CB1-4265-A72B-18FA1AEB53EB}.Debug|Any CPU.Build.0 = Debug|Any CPU
		{38FE3016-1CB1-4265-A72B-18FA1AEB53EB}.Release|Any CPU.ActiveCfg = Release|Any CPU
		{38FE3016-1CB1-4265-A72B-18FA1AEB53EB}.Release|Any CPU.Build.0 = Release|Any CPU
		{7273279F-F3F5-4309-B873-BE5983079500}.Debug|Any CPU.ActiveCfg = Debug|Any CPU
		{7273279F-F3F5-4309-B873-BE5983079500}.Debug|Any CPU.Build.0 = Debug|Any CPU
		{7273279F-F3F5-4309-B873-BE5983079500}.Release|Any CPU.ActiveCfg = Release|Any CPU
		{7273279F-F3F5-4309-B873-BE5983079500}.Release|Any CPU.Build.0 = Release|Any CPU
		{1E17077A-E1F1-47C4-8DE9-5E38AF95BFC4}.Debug|Any CPU.ActiveCfg = Debug|Any CPU
		{1E17077A-E1F1-47C4-8DE9-5E38AF95BFC4}.Debug|Any CPU.Build.0 = Debug|Any CPU
		{1E17077A-E1F1-47C4-8DE9-5E38AF95BFC4}.Release|Any CPU.ActiveCfg = Release|Any CPU
		{1E17077A-E1F1-47C4-8DE9-5E38AF95BFC4}.Release|Any CPU.Build.0 = Release|Any CPU
		{B7F33E72-A31B-4EA9-B5AE-69D5024CE1A9}.Debug|Any CPU.ActiveCfg = Debug|Any CPU
		{B7F33E72-A31B-4EA9-B5AE-69D5024CE1A9}.Debug|Any CPU.Build.0 = Debug|Any CPU
		{B7F33E72-A31B-4EA9-B5AE-69D5024CE1A9}.Release|Any CPU.ActiveCfg = Release|Any CPU
		{B7F33E72-A31B-4EA9-B5AE-69D5024CE1A9}.Release|Any CPU.Build.0 = Release|Any CPU
		{48000D25-D285-4DE7-9267-4317922D5CF6}.Debug|Any CPU.ActiveCfg = Debug|Any CPU
		{48000D25-D285-4DE7-9267-4317922D5CF6}.Debug|Any CPU.Build.0 = Debug|Any CPU
		{48000D25-D285-4DE7-9267-4317922D5CF6}.Release|Any CPU.ActiveCfg = Release|Any CPU
		{48000D25-D285-4DE7-9267-4317922D5CF6}.Release|Any CPU.Build.0 = Release|Any CPU
		{A239EA58-6BEE-4E79-98ED-D0E04F9551FE}.Debug|Any CPU.ActiveCfg = Debug|Any CPU
		{A239EA58-6BEE-4E79-98ED-D0E04F9551FE}.Debug|Any CPU.Build.0 = Debug|Any CPU
		{A239EA58-6BEE-4E79-98ED-D0E04F9551FE}.Release|Any CPU.ActiveCfg = Release|Any CPU
		{A239EA58-6BEE-4E79-98ED-D0E04F9551FE}.Release|Any CPU.Build.0 = Release|Any CPU
	EndGlobalSection
	GlobalSection(SolutionProperties) = preSolution
		HideSolutionNode = FALSE
	EndGlobalSection
	GlobalSection(ExtensibilityGlobals) = postSolution
		SolutionGuid = {DD71FC8C-821C-492A-B813-CE541D2E69FA}
	EndGlobalSection
EndGlobal
