
Microsoft Visual Studio Solution File, Format Version 12.00
# Visual Studio Version 16
VisualStudioVersion = 16.0.31624.102
MinimumVisualStudioVersion = 10.0.40219.1
Project("{FAE04EC0-301F-11D3-BF4B-00C04F79EFBC}") = "U210916X1", "U210916X1\U210916X1.csproj", "{48828889-2C85-4E4B-B913-76B905353780}"
EndProject
Project("{FAE04EC0-301F-11D3-BF4B-00C04F79EFBC}") = "U210916X2", "U210916X2\U210916X2.csproj", "{7D34E10F-93B2-45E4-BD12-278966FD310F}"
EndProject
Global
	GlobalSection(SolutionConfigurationPlatforms) = preSolution
		Debug|Any CPU = Debug|Any CPU
		Release|Any CPU = Release|Any CPU
	EndGlobalSection
	GlobalSection(ProjectConfigurationPlatforms) = postSolution
		{48828889-2C85-4E4B-B913-76B905353780}.Debug|Any CPU.ActiveCfg = Debug|Any CPU
		{48828889-2C85-4E4B-B913-76B905353780}.Debug|Any CPU.Build.0 = Debug|Any CPU
		{48828889-2C85-4E4B-B913-76B905353780}.Release|Any CPU.ActiveCfg = Release|Any CPU
		{48828889-2C85-4E4B-B913-76B905353780}.Release|Any CPU.Build.0 = Release|Any CPU
		{7D34E10F-93B2-45E4-BD12-278966FD310F}.Debug|Any CPU.ActiveCfg = Debug|Any CPU
		{7D34E10F-93B2-45E4-BD12-278966FD310F}.Debug|Any CPU.Build.0 = Debug|Any CPU
		{7D34E10F-93B2-45E4-BD12-278966FD310F}.Release|Any CPU.ActiveCfg = Release|Any CPU
		{7D34E10F-93B2-45E4-BD12-278966FD310F}.Release|Any CPU.Build.0 = Release|Any CPU
	EndGlobalSection
	GlobalSection(SolutionProperties) = preSolution
		HideSolutionNode = FALSE
	EndGlobalSection
	GlobalSection(ExtensibilityGlobals) = postSolution
		SolutionGuid = {75680639-86C2-435D-A77C-3FB25E630133}
	EndGlobalSection
EndGlobal
