
Microsoft Visual Studio Solution File, Format Version 12.00
# Visual Studio Version 16
VisualStudioVersion = 16.0.31624.102
MinimumVisualStudioVersion = 10.0.40219.1
Project("{FAE04EC0-301F-11D3-BF4B-00C04F79EFBC}") = "Uppgifter210903", "Uppgifter210903.csproj", "{52EB012D-631B-40A8-A3A3-95B829E770D4}"
EndProject
Global
	GlobalSection(SolutionConfigurationPlatforms) = preSolution
		Debug|Any CPU = Debug|Any CPU
		Release|Any CPU = Release|Any CPU
	EndGlobalSection
	GlobalSection(ProjectConfigurationPlatforms) = postSolution
		{52EB012D-631B-40A8-A3A3-95B829E770D4}.Debug|Any CPU.ActiveCfg = Debug|Any CPU
		{52EB012D-631B-40A8-A3A3-95B829E770D4}.Debug|Any CPU.Build.0 = Debug|Any CPU
		{52EB012D-631B-40A8-A3A3-95B829E770D4}.Release|Any CPU.ActiveCfg = Release|Any CPU
		{52EB012D-631B-40A8-A3A3-95B829E770D4}.Release|Any CPU.Build.0 = Release|Any CPU
	EndGlobalSection
	GlobalSection(SolutionProperties) = preSolution
		HideSolutionNode = FALSE
	EndGlobalSection
	GlobalSection(ExtensibilityGlobals) = postSolution
		SolutionGuid = {40A6DB03-AFE3-4469-812D-168724CBC2BD}
	EndGlobalSection
EndGlobal
